// !$*UTF8*$!
{
	archiveVersion = 1;
	classes = {
	};
	objectVersion = 55;
	objects = {

/* Begin PBXBuildFile section */
		F738FD2127E47DC100DED8B5 /* NetworkService.swift in Sources */ = {isa = PBXBuildFile; fileRef = F738FD2027E47DC100DED8B5 /* NetworkService.swift */; };
		F738FD2727E4802100DED8B5 /* Moya.xcframework in Frameworks */ = {isa = PBXBuildFile; fileRef = F738FD2327E4802100DED8B5 /* Moya.xcframework */; };
		F738FD2827E4802100DED8B5 /* Moya.xcframework in Embed Frameworks */ = {isa = PBXBuildFile; fileRef = F738FD2327E4802100DED8B5 /* Moya.xcframework */; settings = {ATTRIBUTES = (CodeSignOnCopy, RemoveHeadersOnCopy, ); }; };
		F738FD2927E4802100DED8B5 /* Alamofire.xcframework in Frameworks */ = {isa = PBXBuildFile; fileRef = F738FD2427E4802100DED8B5 /* Alamofire.xcframework */; };
		F738FD2A27E4802100DED8B5 /* Alamofire.xcframework in Embed Frameworks */ = {isa = PBXBuildFile; fileRef = F738FD2427E4802100DED8B5 /* Alamofire.xcframework */; settings = {ATTRIBUTES = (CodeSignOnCopy, RemoveHeadersOnCopy, ); }; };
		F738FD2B27E4802100DED8B5 /* ExampleLayouts.xcframework in Frameworks */ = {isa = PBXBuildFile; fileRef = F738FD2527E4802100DED8B5 /* ExampleLayouts.xcframework */; };
		F738FD2C27E4802100DED8B5 /* ExampleLayouts.xcframework in Embed Frameworks */ = {isa = PBXBuildFile; fileRef = F738FD2527E4802100DED8B5 /* ExampleLayouts.xcframework */; settings = {ATTRIBUTES = (CodeSignOnCopy, RemoveHeadersOnCopy, ); }; };
		F738FD2D27E4802100DED8B5 /* LayoutKit.xcframework in Frameworks */ = {isa = PBXBuildFile; fileRef = F738FD2627E4802100DED8B5 /* LayoutKit.xcframework */; };
		F738FD2E27E4802100DED8B5 /* LayoutKit.xcframework in Embed Frameworks */ = {isa = PBXBuildFile; fileRef = F738FD2627E4802100DED8B5 /* LayoutKit.xcframework */; settings = {ATTRIBUTES = (CodeSignOnCopy, RemoveHeadersOnCopy, ); }; };
		F738FD3127E49F1300DED8B5 /* API.swift in Sources */ = {isa = PBXBuildFile; fileRef = F738FD3027E49F1300DED8B5 /* API.swift */; };
		F7D2E07427E45E0B00A0595A /* AppDelegate.swift in Sources */ = {isa = PBXBuildFile; fileRef = F7D2E07327E45E0B00A0595A /* AppDelegate.swift */; };
		F7D2E07627E45E0B00A0595A /* SceneDelegate.swift in Sources */ = {isa = PBXBuildFile; fileRef = F7D2E07527E45E0B00A0595A /* SceneDelegate.swift */; };
		F7D2E07827E45E0B00A0595A /* NewsViewController.swift in Sources */ = {isa = PBXBuildFile; fileRef = F7D2E07727E45E0B00A0595A /* NewsViewController.swift */; };
		F7D2E07D27E45E0D00A0595A /* Assets.xcassets in Resources */ = {isa = PBXBuildFile; fileRef = F7D2E07C27E45E0D00A0595A /* Assets.xcassets */; };
		F7D2E08827E45FA800A0595A /* Constants.swift in Sources */ = {isa = PBXBuildFile; fileRef = F7D2E08727E45FA800A0595A /* Constants.swift */; };
		F7D2E08D27E4617A00A0595A /* NewsPresenter.swift in Sources */ = {isa = PBXBuildFile; fileRef = F7D2E08C27E4617A00A0595A /* NewsPresenter.swift */; };
/* End PBXBuildFile section */

/* Begin PBXCopyFilesBuildPhase section */
		F738FD2F27E4802100DED8B5 /* Embed Frameworks */ = {
			isa = PBXCopyFilesBuildPhase;
			buildActionMask = 2147483647;
			dstPath = "";
			dstSubfolderSpec = 10;
			files = (
				F738FD2A27E4802100DED8B5 /* Alamofire.xcframework in Embed Frameworks */,
				F738FD2827E4802100DED8B5 /* Moya.xcframework in Embed Frameworks */,
				F738FD2E27E4802100DED8B5 /* LayoutKit.xcframework in Embed Frameworks */,
				F738FD2C27E4802100DED8B5 /* ExampleLayouts.xcframework in Embed Frameworks */,
			);
			name = "Embed Frameworks";
			runOnlyForDeploymentPostprocessing = 0;
		};
/* End PBXCopyFilesBuildPhase section */

/* Begin PBXFileReference section */
		F738FD2027E47DC100DED8B5 /* NetworkService.swift */ = {isa = PBXFileReference; lastKnownFileType = sourcecode.swift; path = NetworkService.swift; sourceTree = "<group>"; };
		F738FD2327E4802100DED8B5 /* Moya.xcframework */ = {isa = PBXFileReference; lastKnownFileType = wrapper.xcframework; name = Moya.xcframework; path = Carthage/Build/Moya.xcframework; sourceTree = "<group>"; };
		F738FD2427E4802100DED8B5 /* Alamofire.xcframework */ = {isa = PBXFileReference; lastKnownFileType = wrapper.xcframework; name = Alamofire.xcframework; path = Carthage/Build/Alamofire.xcframework; sourceTree = "<group>"; };
		F738FD2527E4802100DED8B5 /* ExampleLayouts.xcframework */ = {isa = PBXFileReference; lastKnownFileType = wrapper.xcframework; name = ExampleLayouts.xcframework; path = Carthage/Build/ExampleLayouts.xcframework; sourceTree = "<group>"; };
		F738FD2627E4802100DED8B5 /* LayoutKit.xcframework */ = {isa = PBXFileReference; lastKnownFileType = wrapper.xcframework; name = LayoutKit.xcframework; path = Carthage/Build/LayoutKit.xcframework; sourceTree = "<group>"; };
		F738FD3027E49F1300DED8B5 /* API.swift */ = {isa = PBXFileReference; lastKnownFileType = sourcecode.swift; path = API.swift; sourceTree = "<group>"; };
		F7D2E07027E45E0B00A0595A /* HackNewsAPI.app */ = {isa = PBXFileReference; explicitFileType = wrapper.application; includeInIndex = 0; path = HackNewsAPI.app; sourceTree = BUILT_PRODUCTS_DIR; };
		F7D2E07327E45E0B00A0595A /* AppDelegate.swift */ = {isa = PBXFileReference; lastKnownFileType = sourcecode.swift; path = AppDelegate.swift; sourceTree = "<group>"; };
		F7D2E07527E45E0B00A0595A /* SceneDelegate.swift */ = {isa = PBXFileReference; lastKnownFileType = sourcecode.swift; path = SceneDelegate.swift; sourceTree = "<group>"; };
		F7D2E07727E45E0B00A0595A /* NewsViewController.swift */ = {isa = PBXFileReference; lastKnownFileType = sourcecode.swift; path = NewsViewController.swift; sourceTree = "<group>"; };
		F7D2E07C27E45E0D00A0595A /* Assets.xcassets */ = {isa = PBXFileReference; lastKnownFileType = folder.assetcatalog; path = Assets.xcassets; sourceTree = "<group>"; };
		F7D2E08127E45E0D00A0595A /* Info.plist */ = {isa = PBXFileReference; lastKnownFileType = text.plist.xml; path = Info.plist; sourceTree = "<group>"; };
		F7D2E08727E45FA800A0595A /* Constants.swift */ = {isa = PBXFileReference; lastKnownFileType = sourcecode.swift; path = Constants.swift; sourceTree = "<group>"; };
		F7D2E08C27E4617A00A0595A /* NewsPresenter.swift */ = {isa = PBXFileReference; lastKnownFileType = sourcecode.swift; path = NewsPresenter.swift; sourceTree = "<group>"; };
/* End PBXFileReference section */

/* Begin PBXFrameworksBuildPhase section */
		F7D2E06D27E45E0B00A0595A /* Frameworks */ = {
			isa = PBXFrameworksBuildPhase;
			buildActionMask = 2147483647;
			files = (
				F738FD2927E4802100DED8B5 /* Alamofire.xcframework in Frameworks */,
				F738FD2727E4802100DED8B5 /* Moya.xcframework in Frameworks */,
				F738FD2D27E4802100DED8B5 /* LayoutKit.xcframework in Frameworks */,
				F738FD2B27E4802100DED8B5 /* ExampleLayouts.xcframework in Frameworks */,
			);
			runOnlyForDeploymentPostprocessing = 0;
		};
/* End PBXFrameworksBuildPhase section */

/* Begin PBXGroup section */
		F738FD2227E47DC400DED8B5 /* Services */ = {
			isa = PBXGroup;
			children = (
				F738FD2027E47DC100DED8B5 /* NetworkService.swift */,
				F738FD3027E49F1300DED8B5 /* API.swift */,
			);
			path = Services;
			sourceTree = "<group>";
		};
		F7D2E06727E45E0B00A0595A = {
			isa = PBXGroup;
			children = (
				F7D2E07227E45E0B00A0595A /* HackNewsAPI */,
				F7D2E07127E45E0B00A0595A /* Products */,
				F7D2E08F27E465F000A0595A /* Frameworks */,
			);
			sourceTree = "<group>";
		};
		F7D2E07127E45E0B00A0595A /* Products */ = {
			isa = PBXGroup;
			children = (
				F7D2E07027E45E0B00A0595A /* HackNewsAPI.app */,
			);
			name = Products;
			sourceTree = "<group>";
		};
		F7D2E07227E45E0B00A0595A /* HackNewsAPI */ = {
			isa = PBXGroup;
			children = (
				F7D2E08927E460F900A0595A /* Supports */,
				F738FD2227E47DC400DED8B5 /* Services */,
				F7D2E08B27E4611200A0595A /* Modules */,
				F7D2E08A27E4610900A0595A /* Utilities */,
			);
			path = HackNewsAPI;
			sourceTree = "<group>";
		};
		F7D2E08927E460F900A0595A /* Supports */ = {
			isa = PBXGroup;
			children = (
				F7D2E07327E45E0B00A0595A /* AppDelegate.swift */,
				F7D2E07527E45E0B00A0595A /* SceneDelegate.swift */,
				F7D2E08127E45E0D00A0595A /* Info.plist */,
			);
			path = Supports;
			sourceTree = "<group>";
		};
		F7D2E08A27E4610900A0595A /* Utilities */ = {
			isa = PBXGroup;
			children = (
				F7D2E08727E45FA800A0595A /* Constants.swift */,
				F7D2E07C27E45E0D00A0595A /* Assets.xcassets */,
			);
			path = Utilities;
			sourceTree = "<group>";
		};
		F7D2E08B27E4611200A0595A /* Modules */ = {
			isa = PBXGroup;
			children = (
				F7D2E07727E45E0B00A0595A /* NewsViewController.swift */,
				F7D2E08C27E4617A00A0595A /* NewsPresenter.swift */,
			);
			path = Modules;
			sourceTree = "<group>";
		};
		F7D2E08F27E465F000A0595A /* Frameworks */ = {
			isa = PBXGroup;
			children = (
				F738FD2427E4802100DED8B5 /* Alamofire.xcframework */,
				F738FD2527E4802100DED8B5 /* ExampleLayouts.xcframework */,
				F738FD2627E4802100DED8B5 /* LayoutKit.xcframework */,
				F738FD2327E4802100DED8B5 /* Moya.xcframework */,
			);
			name = Frameworks;
			sourceTree = "<group>";
		};
/* End PBXGroup section */

/* Begin PBXNativeTarget section */
		F7D2E06F27E45E0B00A0595A /* HackNewsAPI */ = {
			isa = PBXNativeTarget;
			buildConfigurationList = F7D2E08427E45E0D00A0595A /* Build configuration list for PBXNativeTarget "HackNewsAPI" */;
			buildPhases = (
				F7D2E06C27E45E0B00A0595A /* Sources */,
				F7D2E06D27E45E0B00A0595A /* Frameworks */,
				F7D2E06E27E45E0B00A0595A /* Resources */,
				F738FD2F27E4802100DED8B5 /* Embed Frameworks */,
			);
			buildRules = (
			);
			dependencies = (
			);
			name = HackNewsAPI;
			productName = HackNewsAPI;
			productReference = F7D2E07027E45E0B00A0595A /* HackNewsAPI.app */;
			productType = "com.apple.product-type.application";
		};
/* End PBXNativeTarget section */

/* Begin PBXProject section */
		F7D2E06827E45E0B00A0595A /* Project object */ = {
			isa = PBXProject;
			attributes = {
				BuildIndependentTargetsInParallel = 1;
				LastSwiftUpdateCheck = 1300;
				LastUpgradeCheck = 1300;
				TargetAttributes = {
					F7D2E06F27E45E0B00A0595A = {
						CreatedOnToolsVersion = 13.0;
					};
				};
			};
			buildConfigurationList = F7D2E06B27E45E0B00A0595A /* Build configuration list for PBXProject "HackNewsAPI" */;
			compatibilityVersion = "Xcode 13.0";
			developmentRegion = en;
			hasScannedForEncodings = 0;
			knownRegions = (
				en,
				Base,
			);
			mainGroup = F7D2E06727E45E0B00A0595A;
			productRefGroup = F7D2E07127E45E0B00A0595A /* Products */;
			projectDirPath = "";
			projectRoot = "";
			targets = (
				F7D2E06F27E45E0B00A0595A /* HackNewsAPI */,
			);
		};
/* End PBXProject section */

/* Begin PBXResourcesBuildPhase section */
		F7D2E06E27E45E0B00A0595A /* Resources */ = {
			isa = PBXResourcesBuildPhase;
			buildActionMask = 2147483647;
			files = (
				F7D2E07D27E45E0D00A0595A /* Assets.xcassets in Resources */,
			);
			runOnlyForDeploymentPostprocessing = 0;
		};
/* End PBXResourcesBuildPhase section */

/* Begin PBXSourcesBuildPhase section */
		F7D2E06C27E45E0B00A0595A /* Sources */ = {
			isa = PBXSourcesBuildPhase;
			buildActionMask = 2147483647;
			files = (
				F7D2E07827E45E0B00A0595A /* NewsViewController.swift in Sources */,
				F7D2E07427E45E0B00A0595A /* AppDelegate.swift in Sources */,
				F7D2E08D27E4617A00A0595A /* NewsPresenter.swift in Sources */,
				F7D2E07627E45E0B00A0595A /* SceneDelegate.swift in Sources */,
				F738FD2127E47DC100DED8B5 /* NetworkService.swift in Sources */,
				F7D2E08827E45FA800A0595A /* Constants.swift in Sources */,
				F738FD3127E49F1300DED8B5 /* API.swift in Sources */,
			);
			runOnlyForDeploymentPostprocessing = 0;
		};
/* End PBXSourcesBuildPhase section */

/* Begin XCBuildConfiguration section */
		F7D2E08227E45E0D00A0595A /* Debug */ = {
			isa = XCBuildConfiguration;
			buildSettings = {
				ALWAYS_SEARCH_USER_PATHS = NO;
				CLANG_ANALYZER_NONNULL = YES;
				CLANG_ANALYZER_NUMBER_OBJECT_CONVERSION = YES_AGGRESSIVE;
				CLANG_CXX_LANGUAGE_STANDARD = "gnu++17";
				CLANG_CXX_LIBRARY = "libc++";
				CLANG_ENABLE_MODULES = YES;
				CLANG_ENABLE_OBJC_ARC = YES;
				CLANG_ENABLE_OBJC_WEAK = YES;
				CLANG_WARN_BLOCK_CAPTURE_AUTORELEASING = YES;
				CLANG_WARN_BOOL_CONVERSION = YES;
				CLANG_WARN_COMMA = YES;
				CLANG_WARN_CONSTANT_CONVERSION = YES;
				CLANG_WARN_DEPRECATED_OBJC_IMPLEMENTATIONS = YES;
				CLANG_WARN_DIRECT_OBJC_ISA_USAGE = YES_ERROR;
				CLANG_WARN_DOCUMENTATION_COMMENTS = YES;
				CLANG_WARN_EMPTY_BODY = YES;
				CLANG_WARN_ENUM_CONVERSION = YES;
				CLANG_WARN_INFINITE_RECURSION = YES;
				CLANG_WARN_INT_CONVERSION = YES;
				CLANG_WARN_NON_LITERAL_NULL_CONVERSION = YES;
				CLANG_WARN_OBJC_IMPLICIT_RETAIN_SELF = YES;
				CLANG_WARN_OBJC_LITERAL_CONVERSION = YES;
				CLANG_WARN_OBJC_ROOT_CLASS = YES_ERROR;
				CLANG_WARN_QUOTED_INCLUDE_IN_FRAMEWORK_HEADER = YES;
				CLANG_WARN_RANGE_LOOP_ANALYSIS = YES;
				CLANG_WARN_STRICT_PROTOTYPES = YES;
				CLANG_WARN_SUSPICIOUS_MOVE = YES;
				CLANG_WARN_UNGUARDED_AVAILABILITY = YES_AGGRESSIVE;
				CLANG_WARN_UNREACHABLE_CODE = YES;
				CLANG_WARN__DUPLICATE_METHOD_MATCH = YES;
				COPY_PHASE_STRIP = NO;
				DEBUG_INFORMATION_FORMAT = dwarf;
				ENABLE_STRICT_OBJC_MSGSEND = YES;
				ENABLE_TESTABILITY = YES;
				GCC_C_LANGUAGE_STANDARD = gnu11;
				GCC_DYNAMIC_NO_PIC = NO;
				GCC_NO_COMMON_BLOCKS = YES;
				GCC_OPTIMIZATION_LEVEL = 0;
				GCC_PREPROCESSOR_DEFINITIONS = (
					"DEBUG=1",
					"$(inherited)",
				);
				GCC_WARN_64_TO_32_BIT_CONVERSION = YES;
				GCC_WARN_ABOUT_RETURN_TYPE = YES_ERROR;
				GCC_WARN_UNDECLARED_SELECTOR = YES;
				GCC_WARN_UNINITIALIZED_AUTOS = YES_AGGRESSIVE;
				GCC_WARN_UNUSED_FUNCTION = YES;
				GCC_WARN_UNUSED_VARIABLE = YES;
				IPHONEOS_DEPLOYMENT_TARGET = 15.0;
				MTL_ENABLE_DEBUG_INFO = INCLUDE_SOURCE;
				MTL_FAST_MATH = YES;
				ONLY_ACTIVE_ARCH = YES;
				SDKROOT = iphoneos;
				SWIFT_ACTIVE_COMPILATION_CONDITIONS = DEBUG;
				SWIFT_OPTIMIZATION_LEVEL = "-Onone";
			};
			name = Debug;
		};
		F7D2E08327E45E0D00A0595A /* Release */ = {
			isa = XCBuildConfiguration;
			buildSettings = {
				ALWAYS_SEARCH_USER_PATHS = NO;
				CLANG_ANALYZER_NONNULL = YES;
				CLANG_ANALYZER_NUMBER_OBJECT_CONVERSION = YES_AGGRESSIVE;
				CLANG_CXX_LANGUAGE_STANDARD = "gnu++17";
				CLANG_CXX_LIBRARY = "libc++";
				CLANG_ENABLE_MODULES = YES;
				CLANG_ENABLE_OBJC_ARC = YES;
				CLANG_ENABLE_OBJC_WEAK = YES;
				CLANG_WARN_BLOCK_CAPTURE_AUTORELEASING = YES;
				CLANG_WARN_BOOL_CONVERSION = YES;
				CLANG_WARN_COMMA = YES;
				CLANG_WARN_CONSTANT_CONVERSION = YES;
				CLANG_WARN_DEPRECATED_OBJC_IMPLEMENTATIONS = YES;
				CLANG_WARN_DIRECT_OBJC_ISA_USAGE = YES_ERROR;
				CLANG_WARN_DOCUMENTATION_COMMENTS = YES;
				CLANG_WARN_EMPTY_BODY = YES;
				CLANG_WARN_ENUM_CONVERSION = YES;
				CLANG_WARN_INFINITE_RECURSION = YES;
				CLANG_WARN_INT_CONVERSION = YES;
				CLANG_WARN_NON_LITERAL_NULL_CONVERSION = YES;
				CLANG_WARN_OBJC_IMPLICIT_RETAIN_SELF = YES;
				CLANG_WARN_OBJC_LITERAL_CONVERSION = YES;
				CLANG_WARN_OBJC_ROOT_CLASS = YES_ERROR;
				CLANG_WARN_QUOTED_INCLUDE_IN_FRAMEWORK_HEADER = YES;
				CLANG_WARN_RANGE_LOOP_ANALYSIS = YES;
				CLANG_WARN_STRICT_PROTOTYPES = YES;
				CLANG_WARN_SUSPICIOUS_MOVE = YES;
				CLANG_WARN_UNGUARDED_AVAILABILITY = YES_AGGRESSIVE;
				CLANG_WARN_UNREACHABLE_CODE = YES;
				CLANG_WARN__DUPLICATE_METHOD_MATCH = YES;
				COPY_PHASE_STRIP = NO;
				DEBUG_INFORMATION_FORMAT = "dwarf-with-dsym";
				ENABLE_NS_ASSERTIONS = NO;
				ENABLE_STRICT_OBJC_MSGSEND = YES;
				GCC_C_LANGUAGE_STANDARD = gnu11;
				GCC_NO_COMMON_BLOCKS = YES;
				GCC_WARN_64_TO_32_BIT_CONVERSION = YES;
				GCC_WARN_ABOUT_RETURN_TYPE = YES_ERROR;
				GCC_WARN_UNDECLARED_SELECTOR = YES;
				GCC_WARN_UNINITIALIZED_AUTOS = YES_AGGRESSIVE;
				GCC_WARN_UNUSED_FUNCTION = YES;
				GCC_WARN_UNUSED_VARIABLE = YES;
				IPHONEOS_DEPLOYMENT_TARGET = 15.0;
				MTL_ENABLE_DEBUG_INFO = NO;
				MTL_FAST_MATH = YES;
				SDKROOT = iphoneos;
				SWIFT_COMPILATION_MODE = wholemodule;
				SWIFT_OPTIMIZATION_LEVEL = "-O";
				VALIDATE_PRODUCT = YES;
			};
			name = Release;
		};
		F7D2E08527E45E0D00A0595A /* Debug */ = {
			isa = XCBuildConfiguration;
			buildSettings = {
				ASSETCATALOG_COMPILER_APPICON_NAME = AppIcon;
				ASSETCATALOG_COMPILER_GLOBAL_ACCENT_COLOR_NAME = AccentColor;
				CODE_SIGN_STYLE = Automatic;
				CURRENT_PROJECT_VERSION = 1;
				DEVELOPMENT_TEAM = TB5VXYZS9X;
				GENERATE_INFOPLIST_FILE = YES;
				INFOPLIST_FILE = HackNewsAPI/Supports/Info.plist;
				INFOPLIST_KEY_UIApplicationSupportsIndirectInputEvents = YES;
				INFOPLIST_KEY_UILaunchStoryboardName = LaunchScreen;
				INFOPLIST_KEY_UISupportedInterfaceOrientations_iPad = "UIInterfaceOrientationPortrait UIInterfaceOrientationPortraitUpsideDown UIInterfaceOrientationLandscapeLeft UIInterfaceOrientationLandscapeRight";
				INFOPLIST_KEY_UISupportedInterfaceOrientations_iPhone = "UIInterfaceOrientationPortrait UIInterfaceOrientationLandscapeLeft UIInterfaceOrientationLandscapeRight";
				LD_RUNPATH_SEARCH_PATHS = (
					"$(inherited)",
					"@executable_path/Frameworks",
				);
				MARKETING_VERSION = 1.0;
				PRODUCT_BUNDLE_IDENTIFIER = com.learnSwift.HackNewsAPI;
				PRODUCT_NAME = "$(TARGET_NAME)";
				SWIFT_EMIT_LOC_STRINGS = YES;
				SWIFT_VERSION = 5.0;
				TARGETED_DEVICE_FAMILY = 1;
			};
			name = Debug;
		};
		F7D2E08627E45E0D00A0595A /* Release */ = {
			isa = XCBuildConfiguration;
			buildSettings = {
				ASSETCATALOG_COMPILER_APPICON_NAME = AppIcon;
				ASSETCATALOG_COMPILER_GLOBAL_ACCENT_COLOR_NAME = AccentColor;
				CODE_SIGN_STYLE = Automatic;
				CURRENT_PROJECT_VERSION = 1;
				DEVELOPMENT_TEAM = TB5VXYZS9X;
				GENERATE_INFOPLIST_FILE = YES;
				INFOPLIST_FILE = HackNewsAPI/Supports/Info.plist;
				INFOPLIST_KEY_UIApplicationSupportsIndirectInputEvents = YES;
				INFOPLIST_KEY_UILaunchStoryboardName = LaunchScreen;
				INFOPLIST_KEY_UISupportedInterfaceOrientations_iPad = "UIInterfaceOrientationPortrait UIInterfaceOrientationPortraitUpsideDown UIInterfaceOrientationLandscapeLeft UIInterfaceOrientationLandscapeRight";
				INFOPLIST_KEY_UISupportedInterfaceOrientations_iPhone = "UIInterfaceOrientationPortrait UIInterfaceOrientationLandscapeLeft UIInterfaceOrientationLandscapeRight";
				LD_RUNPATH_SEARCH_PATHS = (
					"$(inherited)",
					"@executable_path/Frameworks",
				);
				MARKETING_VERSION = 1.0;
				PRODUCT_BUNDLE_IDENTIFIER = com.learnSwift.HackNewsAPI;
				PRODUCT_NAME = "$(TARGET_NAME)";
				SWIFT_EMIT_LOC_STRINGS = YES;
				SWIFT_VERSION = 5.0;
				TARGETED_DEVICE_FAMILY = 1;
			};
			name = Release;
		};
/* End XCBuildConfiguration section */

/* Begin XCConfigurationList section */
		F7D2E06B27E45E0B00A0595A /* Build configuration list for PBXProject "HackNewsAPI" */ = {
			isa = XCConfigurationList;
			buildConfigurations = (
				F7D2E08227E45E0D00A0595A /* Debug */,
				F7D2E08327E45E0D00A0595A /* Release */,
			);
			defaultConfigurationIsVisible = 0;
			defaultConfigurationName = Release;
		};
		F7D2E08427E45E0D00A0595A /* Build configuration list for PBXNativeTarget "HackNewsAPI" */ = {
			isa = XCConfigurationList;
			buildConfigurations = (
				F7D2E08527E45E0D00A0595A /* Debug */,
				F7D2E08627E45E0D00A0595A /* Release */,
			);
			defaultConfigurationIsVisible = 0;
			defaultConfigurationName = Release;
		};
/* End XCConfigurationList section */
	};
	rootObject = F7D2E06827E45E0B00A0595A /* Project object */;
}
